<Solution>
  <Folder Name="/src/">
    <Project Path="src/Yuviron.Api/Yuviron.Api.csproj" />
    <Project Path="src/Yuviron.Application/Yuviron.Application.csproj" />
    <Project Path="src/Yuviron.Domain/Yuviron.Domain.csproj" />
    <Project Path="src/Yuviron.Infrastructure/Yuviron.Infrastructure.csproj" />
  </Folder>
</Solution>
